
Microsoft Visual Studio Solution File, Format Version 12.00
# Visual Studio Version 16
VisualStudioVersion = 16.0.29709.97
MinimumVisualStudioVersion = 10.0.40219.1
Project("{FAE04EC0-301F-11D3-BF4B-00C04F79EFBC}") = "Exercise3", "Exercise3\Exercise3.csproj", "{38898CAC-C76B-4F6B-946D-B74C045171F0}"
EndProject
Global
	GlobalSection(SolutionConfigurationPlatforms) = preSolution
		Debug|Any CPU = Debug|Any CPU
		Release|Any CPU = Release|Any CPU
	EndGlobalSection
	GlobalSection(ProjectConfigurationPlatforms) = postSolution
		{38898CAC-C76B-4F6B-946D-B74C045171F0}.Debug|Any CPU.ActiveCfg = Debug|Any CPU
		{38898CAC-C76B-4F6B-946D-B74C045171F0}.Debug|Any CPU.Build.0 = Debug|Any CPU
		{38898CAC-C76B-4F6B-946D-B74C045171F0}.Release|Any CPU.ActiveCfg = Release|Any CPU
		{38898CAC-C76B-4F6B-946D-B74C045171F0}.Release|Any CPU.Build.0 = Release|Any CPU
	EndGlobalSection
	GlobalSection(SolutionProperties) = preSolution
		HideSolutionNode = FALSE
	EndGlobalSection
	GlobalSection(ExtensibilityGlobals) = postSolution
		SolutionGuid = {3BC4497C-3B1C-4F05-B958-BD93BC96F62D}
	EndGlobalSection
EndGlobal
